// !$*UTF8*$!
{
	archiveVersion = 1;
	classes = {
	};
	objectVersion = 46;
	objects = {

/* Begin PBXBuildFile section */
		AAB2BD3E1D52C6A50012873B /* AppDelegate.swift in Sources */ = {isa = PBXBuildFile; fileRef = AAB2BD3D1D52C6A50012873B /* AppDelegate.swift */; };
		AAB2BD401D52C6A50012873B /* ViewController.swift in Sources */ = {isa = PBXBuildFile; fileRef = AAB2BD3F1D52C6A50012873B /* ViewController.swift */; };
		AAB2BD431D52C6A50012873B /* Main.storyboard in Resources */ = {isa = PBXBuildFile; fileRef = AAB2BD411D52C6A50012873B /* Main.storyboard */; };
		AAB2BD451D52C6A50012873B /* Assets.xcassets in Resources */ = {isa = PBXBuildFile; fileRef = AAB2BD441D52C6A50012873B /* Assets.xcassets */; };
		AAB2BD481D52C6A50012873B /* LaunchScreen.storyboard in Resources */ = {isa = PBXBuildFile; fileRef = AAB2BD461D52C6A50012873B /* LaunchScreen.storyboard */; };
		AAB2BD501D52C6B20012873B /* Constants.swift in Sources */ = {isa = PBXBuildFile; fileRef = AAB2BD4F1D52C6B20012873B /* Constants.swift */; };
/* End PBXBuildFile section */

/* Begin PBXFileReference section */
		AAB2BD3A1D52C6A50012873B /* TestApp.app */ = {isa = PBXFileReference; explicitFileType = wrapper.application; includeInIndex = 0; path = TestApp.app; sourceTree = BUILT_PRODUCTS_DIR; };
		AAB2BD3D1D52C6A50012873B /* AppDelegate.swift */ = {isa = PBXFileReference; lastKnownFileType = sourcecode.swift; path = AppDelegate.swift; sourceTree = "<group>"; };
		AAB2BD3F1D52C6A50012873B /* ViewController.swift */ = {isa = PBXFileReference; lastKnownFileType = sourcecode.swift; path = ViewController.swift; sourceTree = "<group>"; };
		AAB2BD421D52C6A50012873B /* Base */ = {isa = PBXFileReference; lastKnownFileType = file.storyboard; name = Base; path = Base.lproj/Main.storyboard; sourceTree = "<group>"; };
		AAB2BD441D52C6A50012873B /* Assets.xcassets */ = {isa = PBXFileReference; lastKnownFileType = folder.assetcatalog; path = Assets.xcassets; sourceTree = "<group>"; };
		AAB2BD471D52C6A50012873B /* Base */ = {isa = PBXFileReference; lastKnownFileType = file.storyboard; name = Base; path = Base.lproj/LaunchScreen.storyboard; sourceTree = "<group>"; };
		AAB2BD491D52C6A50012873B /* Info.plist */ = {isa = PBXFileReference; lastKnownFileType = text.plist.xml; path = Info.plist; sourceTree = "<group>"; };
		AAB2BD4F1D52C6B20012873B /* Constants.swift */ = {isa = PBXFileReference; fileEncoding = 4; lastKnownFileType = sourcecode.swift; path = Constants.swift; sourceTree = "<group>"; };
/* End PBXFileReference section */

/* Begin PBXFrameworksBuildPhase section */
		AAB2BD371D52C6A50012873B /* Frameworks */ = {
			isa = PBXFrameworksBuildPhase;
			buildActionMask = 2147483647;
			files = (
			);
			runOnlyForDeploymentPostprocessing = 0;
		};
/* End PBXFrameworksBuildPhase section */

/* Begin PBXGroup section */
		AAB2BD311D52C6A50012873B = {
			isa = PBXGroup;
			children = (
				AAB2BD3C1D52C6A50012873B /* TestApp */,
				AAB2BD3B1D52C6A50012873B /* Products */,
			);
			sourceTree = "<group>";
		};
		AAB2BD3B1D52C6A50012873B /* Products */ = {
			isa = PBXGroup;
			children = (
				AAB2BD3A1D52C6A50012873B /* TestApp.app */,
			);
			name = Products;
			sourceTree = "<group>";
		};
		AAB2BD3C1D52C6A50012873B /* TestApp */ = {
			isa = PBXGroup;
			children = (
				AAB2BD3D1D52C6A50012873B /* AppDelegate.swift */,
				AAB2BD4F1D52C6B20012873B /* Constants.swift */,
				AAB2BD3F1D52C6A50012873B /* ViewController.swift */,
				AAB2BD411D52C6A50012873B /* Main.storyboard */,
				AAB2BD441D52C6A50012873B /* Assets.xcassets */,
				AAB2BD461D52C6A50012873B /* LaunchScreen.storyboard */,
				AAB2BD491D52C6A50012873B /* Info.plist */,
			);
			path = TestApp;
			sourceTree = "<group>";
		};
/* End PBXGroup section */

/* Begin PBXNativeTarget section */
		AAB2BD391D52C6A50012873B /* TestApp */ = {
			isa = PBXNativeTarget;
			buildConfigurationList = AAB2BD4C1D52C6A50012873B /* Build configuration list for PBXNativeTarget "TestApp" */;
			buildPhases = (
				AAB2BD361D52C6A50012873B /* Sources */,
				AAB2BD371D52C6A50012873B /* Frameworks */,
				AAB2BD381D52C6A50012873B /* Resources */,
			);
			buildRules = (
			);
			dependencies = (
			);
			name = TestApp;
			productName = TestApp;
			productReference = AAB2BD3A1D52C6A50012873B /* TestApp.app */;
			productType = "com.apple.product-type.application";
		};
/* End PBXNativeTarget section */

/* Begin PBXProject section */
		AAB2BD321D52C6A50012873B /* Project object */ = {
			isa = PBXProject;
			attributes = {
				LastSwiftUpdateCheck = 0730;
				LastUpgradeCheck = 0730;
				ORGANIZATIONNAME = santupavi;
				TargetAttributes = {
					AAB2BD391D52C6A50012873B = {
						CreatedOnToolsVersion = 7.3.1;
					};
				};
			};
			buildConfigurationList = AAB2BD351D52C6A50012873B /* Build configuration list for PBXProject "TestApp" */;
			compatibilityVersion = "Xcode 3.2";
			developmentRegion = English;
			hasScannedForEncodings = 0;
			knownRegions = (
				en,
				Base,
			);
			mainGroup = AAB2BD311D52C6A50012873B;
			productRefGroup = AAB2BD3B1D52C6A50012873B /* Products */;
			projectDirPath = "";
			projectRoot = "";
			targets = (
				AAB2BD391D52C6A50012873B /* TestApp */,
			);
		};
/* End PBXProject section */

/* Begin PBXResourcesBuildPhase section */
		AAB2BD381D52C6A50012873B /* Resources */ = {
			isa = PBXResourcesBuildPhase;
			buildActionMask = 2147483647;
			files = (
				AAB2BD481D52C6A50012873B /* LaunchScreen.storyboard in Resources */,
				AAB2BD451D52C6A50012873B /* Assets.xcassets in Resources */,
				AAB2BD431D52C6A50012873B /* Main.storyboard in Resources */,
			);
			runOnlyForDeploymentPostprocessing = 0;
		};
/* End PBXResourcesBuildPhase section */

/* Begin PBXSourcesBuildPhase section */
		AAB2BD361D52C6A50012873B /* Sources */ = {
			isa = PBXSourcesBuildPhase;
			buildActionMask = 2147483647;
			files = (
				AAB2BD401D52C6A50012873B /* ViewController.swift in Sources */,
				AAB2BD3E1D52C6A50012873B /* AppDelegate.swift in Sources */,
				AAB2BD501D52C6B20012873B /* Constants.swift in Sources */,
			);
			runOnlyForDeploymentPostprocessing = 0;
		};
/* End PBXSourcesBuildPhase section */

/* Begin PBXVariantGroup section */
		AAB2BD411D52C6A50012873B /* Main.storyboard */ = {
			isa = PBXVariantGroup;
			children = (
				AAB2BD421D52C6A50012873B /* Base */,
			);
			name = Main.storyboard;
			sourceTree = "<group>";
		};
		AAB2BD461D52C6A50012873B /* LaunchScreen.storyboard */ = {
			isa = PBXVariantGroup;
			children = (
				AAB2BD471D52C6A50012873B /* Base */,
			);
			name = LaunchScreen.storyboard;
			sourceTree = "<group>";
		};
/* End PBXVariantGroup section */

/* Begin XCBuildConfiguration section */
		AAB2BD4A1D52C6A50012873B /* Debug */ = {
			isa = XCBuildConfiguration;
			buildSettings = {
				ALWAYS_SEARCH_USER_PATHS = NO;
				CLANG_ANALYZER_NONNULL = YES;
				CLANG_CXX_LANGUAGE_STANDARD = "gnu++0x";
				CLANG_CXX_LIBRARY = "libc++";
				CLANG_ENABLE_MODULES = YES;
				CLANG_ENABLE_OBJC_ARC = YES;
				CLANG_WARN_BOOL_CONVERSION = YES;
				CLANG_WARN_CONSTANT_CONVERSION = YES;
				CLANG_WARN_DIRECT_OBJC_ISA_USAGE = YES_ERROR;
				CLANG_WARN_EMPTY_BODY = YES;
				CLANG_WARN_ENUM_CONVERSION = YES;
				CLANG_WARN_INT_CONVERSION = YES;
				CLANG_WARN_OBJC_ROOT_CLASS = YES_ERROR;
				CLANG_WARN_UNREACHABLE_CODE = YES;
				CLANG_WARN__DUPLICATE_METHOD_MATCH = YES;
				"CODE_SIGN_IDENTITY[sdk=iphoneos*]" = "iPhone Developer";
				COPY_PHASE_STRIP = NO;
				DEBUG_INFORMATION_FORMAT = dwarf;
				ENABLE_STRICT_OBJC_MSGSEND = YES;
				ENABLE_TESTABILITY = YES;
				GCC_C_LANGUAGE_STANDARD = gnu99;
				GCC_DYNAMIC_NO_PIC = NO;
				GCC_NO_COMMON_BLOCKS = YES;
				GCC_OPTIMIZATION_LEVEL = 0;
				GCC_PREPROCESSOR_DEFINITIONS = (
					"DEBUG=1",
					"$(inherited)",
				);
				GCC_WARN_64_TO_32_BIT_CONVERSION = YES;
				GCC_WARN_ABOUT_RETURN_TYPE = YES_ERROR;
				GCC_WARN_UNDECLARED_SELECTOR = YES;
				GCC_WARN_UNINITIALIZED_AUTOS = YES_AGGRESSIVE;
				GCC_WARN_UNUSED_FUNCTION = YES;
				GCC_WARN_UNUSED_VARIABLE = YES;
				IPHONEOS_DEPLOYMENT_TARGET = 9.3;
				MTL_ENABLE_DEBUG_INFO = YES;
				ONLY_ACTIVE_ARCH = YES;
				SDKROOT = iphoneos;
				SWIFT_OPTIMIZATION_LEVEL = "-Onone";
			};
			name = Debug;
		};
		AAB2BD4B1D52C6A50012873B /* Release */ = {
			isa = XCBuildConfiguration;
			buildSettings = {
				ALWAYS_SEARCH_USER_PATHS = NO;
				CLANG_ANALYZER_NONNULL = YES;
				CLANG_CXX_LANGUAGE_STANDARD = "gnu++0x";
				CLANG_CXX_LIBRARY = "libc++";
				CLANG_ENABLE_MODULES = YES;
				CLANG_ENABLE_OBJC_ARC = YES;
				CLANG_WARN_BOOL_CONVERSION = YES;
				CLANG_WARN_CONSTANT_CONVERSION = YES;
				CLANG_WARN_DIRECT_OBJC_ISA_USAGE = YES_ERROR;
				CLANG_WARN_EMPTY_BODY = YES;
				CLANG_WARN_ENUM_CONVERSION = YES;
				CLANG_WARN_INT_CONVERSION = YES;
				CLANG_WARN_OBJC_ROOT_CLASS = YES_ERROR;
				CLANG_WARN_UNREACHABLE_CODE = YES;
				CLANG_WARN__DUPLICATE_METHOD_MATCH = YES;
				"CODE_SIGN_IDENTITY[sdk=iphoneos*]" = "iPhone Developer";
				COPY_PHASE_STRIP = NO;
				DEBUG_INFORMATION_FORMAT = "dwarf-with-dsym";
				ENABLE_NS_ASSERTIONS = NO;
				ENABLE_STRICT_OBJC_MSGSEND = YES;
				GCC_C_LANGUAGE_STANDARD = gnu99;
				GCC_NO_COMMON_BLOCKS = YES;
				GCC_WARN_64_TO_32_BIT_CONVERSION = YES;
				GCC_WARN_ABOUT_RETURN_TYPE = YES_ERROR;
				GCC_WARN_UNDECLARED_SELECTOR = YES;
				GCC_WARN_UNINITIALIZED_AUTOS = YES_AGGRESSIVE;
				GCC_WARN_UNUSED_FUNCTION = YES;
				GCC_WARN_UNUSED_VARIABLE = YES;
				IPHONEOS_DEPLOYMENT_TARGET = 9.3;
				MTL_ENABLE_DEBUG_INFO = NO;
				SDKROOT = iphoneos;
				VALIDATE_PRODUCT = YES;
			};
			name = Release;
		};
		AAB2BD4D1D52C6A50012873B /* Debug */ = {
			isa = XCBuildConfiguration;
			buildSettings = {
				ASSETCATALOG_COMPILER_APPICON_NAME = AppIcon;
				INFOPLIST_FILE = TestApp/Info.plist;
				LD_RUNPATH_SEARCH_PATHS = "$(inherited) @executable_path/Frameworks";
				PRODUCT_BUNDLE_IDENTIFIER = com.santupavi.TestApp;
				PRODUCT_NAME = "$(TARGET_NAME)";
			};
			name = Debug;
		};
		AAB2BD4E1D52C6A50012873B /* Release */ = {
			isa = XCBuildConfiguration;
			buildSettings = {
				ASSETCATALOG_COMPILER_APPICON_NAME = AppIcon;
				INFOPLIST_FILE = TestApp/Info.plist;
				LD_RUNPATH_SEARCH_PATHS = "$(inherited) @executable_path/Frameworks";
				PRODUCT_BUNDLE_IDENTIFIER = com.santupavi.TestApp;
				PRODUCT_NAME = "$(TARGET_NAME)";
			};
			name = Release;
		};
/* End XCBuildConfiguration section */

/* Begin XCConfigurationList section */
		AAB2BD351D52C6A50012873B /* Build configuration list for PBXProject "TestApp" */ = {
			isa = XCConfigurationList;
			buildConfigurations = (
				AAB2BD4A1D52C6A50012873B /* Debug */,
				AAB2BD4B1D52C6A50012873B /* Release */,
			);
			defaultConfigurationIsVisible = 0;
			defaultConfigurationName = Release;
		};
		AAB2BD4C1D52C6A50012873B /* Build configuration list for PBXNativeTarget "TestApp" */ = {
			isa = XCConfigurationList;
			buildConfigurations = (
				AAB2BD4D1D52C6A50012873B /* Debug */,
				AAB2BD4E1D52C6A50012873B /* Release */,
			);
			defaultConfigurationIsVisible = 0;
		};
/* End XCConfigurationList section */
	};
	rootObject = AAB2BD321D52C6A50012873B /* Project object */;
}
