// !$*UTF8*$!
{
	archiveVersion = 1;
	classes = {
	};
	objectVersion = 46;
	objects = {

/* Begin PBXBuildFile section */
		AA2D782C1D1EBCAC001B58EE /* AppDelegate.swift in Sources */ = {isa = PBXBuildFile; fileRef = AA2D782B1D1EBCAC001B58EE /* AppDelegate.swift */; };
		AA2D782E1D1EBCAC001B58EE /* ViewController.swift in Sources */ = {isa = PBXBuildFile; fileRef = AA2D782D1D1EBCAC001B58EE /* ViewController.swift */; };
		AA2D78311D1EBCAC001B58EE /* OSX1.xcdatamodeld in Sources */ = {isa = PBXBuildFile; fileRef = AA2D782F1D1EBCAC001B58EE /* OSX1.xcdatamodeld */; };
		AA2D78331D1EBCAD001B58EE /* Assets.xcassets in Resources */ = {isa = PBXBuildFile; fileRef = AA2D78321D1EBCAD001B58EE /* Assets.xcassets */; };
		AA2D78361D1EBCAD001B58EE /* Main.storyboard in Resources */ = {isa = PBXBuildFile; fileRef = AA2D78341D1EBCAD001B58EE /* Main.storyboard */; };
/* End PBXBuildFile section */

/* Begin PBXFileReference section */
		AA2D78281D1EBCAC001B58EE /* OSX1.app */ = {isa = PBXFileReference; explicitFileType = wrapper.application; includeInIndex = 0; path = OSX1.app; sourceTree = BUILT_PRODUCTS_DIR; };
		AA2D782B1D1EBCAC001B58EE /* AppDelegate.swift */ = {isa = PBXFileReference; lastKnownFileType = sourcecode.swift; path = AppDelegate.swift; sourceTree = "<group>"; };
		AA2D782D1D1EBCAC001B58EE /* ViewController.swift */ = {isa = PBXFileReference; lastKnownFileType = sourcecode.swift; path = ViewController.swift; sourceTree = "<group>"; };
		AA2D78301D1EBCAC001B58EE /* OSX1.xcdatamodel */ = {isa = PBXFileReference; lastKnownFileType = wrapper.xcdatamodel; path = OSX1.xcdatamodel; sourceTree = "<group>"; };
		AA2D78321D1EBCAD001B58EE /* Assets.xcassets */ = {isa = PBXFileReference; lastKnownFileType = folder.assetcatalog; path = Assets.xcassets; sourceTree = "<group>"; };
		AA2D78351D1EBCAD001B58EE /* Base */ = {isa = PBXFileReference; lastKnownFileType = file.storyboard; name = Base; path = Base.lproj/Main.storyboard; sourceTree = "<group>"; };
		AA2D78371D1EBCAD001B58EE /* Info.plist */ = {isa = PBXFileReference; lastKnownFileType = text.plist.xml; path = Info.plist; sourceTree = "<group>"; };
/* End PBXFileReference section */

/* Begin PBXFrameworksBuildPhase section */
		AA2D78251D1EBCAC001B58EE /* Frameworks */ = {
			isa = PBXFrameworksBuildPhase;
			buildActionMask = 2147483647;
			files = (
			);
			runOnlyForDeploymentPostprocessing = 0;
		};
/* End PBXFrameworksBuildPhase section */

/* Begin PBXGroup section */
		AA2D781F1D1EBCAC001B58EE = {
			isa = PBXGroup;
			children = (
				AA2D782A1D1EBCAC001B58EE /* OSX1 */,
				AA2D78291D1EBCAC001B58EE /* Products */,
			);
			sourceTree = "<group>";
		};
		AA2D78291D1EBCAC001B58EE /* Products */ = {
			isa = PBXGroup;
			children = (
				AA2D78281D1EBCAC001B58EE /* OSX1.app */,
			);
			name = Products;
			sourceTree = "<group>";
		};
		AA2D782A1D1EBCAC001B58EE /* OSX1 */ = {
			isa = PBXGroup;
			children = (
				AA2D782B1D1EBCAC001B58EE /* AppDelegate.swift */,
				AA2D782D1D1EBCAC001B58EE /* ViewController.swift */,
				AA2D78321D1EBCAD001B58EE /* Assets.xcassets */,
				AA2D78341D1EBCAD001B58EE /* Main.storyboard */,
				AA2D78371D1EBCAD001B58EE /* Info.plist */,
				AA2D782F1D1EBCAC001B58EE /* OSX1.xcdatamodeld */,
			);
			path = OSX1;
			sourceTree = "<group>";
		};
/* End PBXGroup section */

/* Begin PBXNativeTarget section */
		AA2D78271D1EBCAC001B58EE /* OSX1 */ = {
			isa = PBXNativeTarget;
			buildConfigurationList = AA2D783A1D1EBCAD001B58EE /* Build configuration list for PBXNativeTarget "OSX1" */;
			buildPhases = (
				AA2D78241D1EBCAC001B58EE /* Sources */,
				AA2D78251D1EBCAC001B58EE /* Frameworks */,
				AA2D78261D1EBCAC001B58EE /* Resources */,
			);
			buildRules = (
			);
			dependencies = (
			);
			name = OSX1;
			productName = OSX1;
			productReference = AA2D78281D1EBCAC001B58EE /* OSX1.app */;
			productType = "com.apple.product-type.application";
		};
/* End PBXNativeTarget section */

/* Begin PBXProject section */
		AA2D78201D1EBCAC001B58EE /* Project object */ = {
			isa = PBXProject;
			attributes = {
				LastSwiftUpdateCheck = 0730;
				LastUpgradeCheck = 0730;
				ORGANIZATIONNAME = santupavi;
				TargetAttributes = {
					AA2D78271D1EBCAC001B58EE = {
						CreatedOnToolsVersion = 7.3.1;
					};
				};
			};
			buildConfigurationList = AA2D78231D1EBCAC001B58EE /* Build configuration list for PBXProject "OSX1" */;
			compatibilityVersion = "Xcode 3.2";
			developmentRegion = English;
			hasScannedForEncodings = 0;
			knownRegions = (
				en,
				Base,
			);
			mainGroup = AA2D781F1D1EBCAC001B58EE;
			productRefGroup = AA2D78291D1EBCAC001B58EE /* Products */;
			projectDirPath = "";
			projectRoot = "";
			targets = (
				AA2D78271D1EBCAC001B58EE /* OSX1 */,
			);
		};
/* End PBXProject section */

/* Begin PBXResourcesBuildPhase section */
		AA2D78261D1EBCAC001B58EE /* Resources */ = {
			isa = PBXResourcesBuildPhase;
			buildActionMask = 2147483647;
			files = (
				AA2D78331D1EBCAD001B58EE /* Assets.xcassets in Resources */,
				AA2D78361D1EBCAD001B58EE /* Main.storyboard in Resources */,
			);
			runOnlyForDeploymentPostprocessing = 0;
		};
/* End PBXResourcesBuildPhase section */

/* Begin PBXSourcesBuildPhase section */
		AA2D78241D1EBCAC001B58EE /* Sources */ = {
			isa = PBXSourcesBuildPhase;
			buildActionMask = 2147483647;
			files = (
				AA2D78311D1EBCAC001B58EE /* OSX1.xcdatamodeld in Sources */,
				AA2D782E1D1EBCAC001B58EE /* ViewController.swift in Sources */,
				AA2D782C1D1EBCAC001B58EE /* AppDelegate.swift in Sources */,
			);
			runOnlyForDeploymentPostprocessing = 0;
		};
/* End PBXSourcesBuildPhase section */

/* Begin PBXVariantGroup section */
		AA2D78341D1EBCAD001B58EE /* Main.storyboard */ = {
			isa = PBXVariantGroup;
			children = (
				AA2D78351D1EBCAD001B58EE /* Base */,
			);
			name = Main.storyboard;
			sourceTree = "<group>";
		};
/* End PBXVariantGroup section */

/* Begin XCBuildConfiguration section */
		AA2D78381D1EBCAD001B58EE /* Debug */ = {
			isa = XCBuildConfiguration;
			buildSettings = {
				ALWAYS_SEARCH_USER_PATHS = NO;
				CLANG_ANALYZER_NONNULL = YES;
				CLANG_CXX_LANGUAGE_STANDARD = "gnu++0x";
				CLANG_CXX_LIBRARY = "libc++";
				CLANG_ENABLE_MODULES = YES;
				CLANG_ENABLE_OBJC_ARC = YES;
				CLANG_WARN_BOOL_CONVERSION = YES;
				CLANG_WARN_CONSTANT_CONVERSION = YES;
				CLANG_WARN_DIRECT_OBJC_ISA_USAGE = YES_ERROR;
				CLANG_WARN_EMPTY_BODY = YES;
				CLANG_WARN_ENUM_CONVERSION = YES;
				CLANG_WARN_INT_CONVERSION = YES;
				CLANG_WARN_OBJC_ROOT_CLASS = YES_ERROR;
				CLANG_WARN_UNREACHABLE_CODE = YES;
				CLANG_WARN__DUPLICATE_METHOD_MATCH = YES;
				CODE_SIGN_IDENTITY = "-";
				COPY_PHASE_STRIP = NO;
				DEBUG_INFORMATION_FORMAT = dwarf;
				ENABLE_STRICT_OBJC_MSGSEND = YES;
				ENABLE_TESTABILITY = YES;
				GCC_C_LANGUAGE_STANDARD = gnu99;
				GCC_DYNAMIC_NO_PIC = NO;
				GCC_NO_COMMON_BLOCKS = YES;
				GCC_OPTIMIZATION_LEVEL = 0;
				GCC_PREPROCESSOR_DEFINITIONS = (
					"DEBUG=1",
					"$(inherited)",
				);
				GCC_WARN_64_TO_32_BIT_CONVERSION = YES;
				GCC_WARN_ABOUT_RETURN_TYPE = YES_ERROR;
				GCC_WARN_UNDECLARED_SELECTOR = YES;
				GCC_WARN_UNINITIALIZED_AUTOS = YES_AGGRESSIVE;
				GCC_WARN_UNUSED_FUNCTION = YES;
				GCC_WARN_UNUSED_VARIABLE = YES;
				MACOSX_DEPLOYMENT_TARGET = 10.11;
				MTL_ENABLE_DEBUG_INFO = YES;
				ONLY_ACTIVE_ARCH = YES;
				SDKROOT = macosx;
				SWIFT_OPTIMIZATION_LEVEL = "-Onone";
			};
			name = Debug;
		};
		AA2D78391D1EBCAD001B58EE /* Release */ = {
			isa = XCBuildConfiguration;
			buildSettings = {
				ALWAYS_SEARCH_USER_PATHS = NO;
				CLANG_ANALYZER_NONNULL = YES;
				CLANG_CXX_LANGUAGE_STANDARD = "gnu++0x";
				CLANG_CXX_LIBRARY = "libc++";
				CLANG_ENABLE_MODULES = YES;
				CLANG_ENABLE_OBJC_ARC = YES;
				CLANG_WARN_BOOL_CONVERSION = YES;
				CLANG_WARN_CONSTANT_CONVERSION = YES;
				CLANG_WARN_DIRECT_OBJC_ISA_USAGE = YES_ERROR;
				CLANG_WARN_EMPTY_BODY = YES;
				CLANG_WARN_ENUM_CONVERSION = YES;
				CLANG_WARN_INT_CONVERSION = YES;
				CLANG_WARN_OBJC_ROOT_CLASS = YES_ERROR;
				CLANG_WARN_UNREACHABLE_CODE = YES;
				CLANG_WARN__DUPLICATE_METHOD_MATCH = YES;
				CODE_SIGN_IDENTITY = "-";
				COPY_PHASE_STRIP = NO;
				DEBUG_INFORMATION_FORMAT = "dwarf-with-dsym";
				ENABLE_NS_ASSERTIONS = NO;
				ENABLE_STRICT_OBJC_MSGSEND = YES;
				GCC_C_LANGUAGE_STANDARD = gnu99;
				GCC_NO_COMMON_BLOCKS = YES;
				GCC_WARN_64_TO_32_BIT_CONVERSION = YES;
				GCC_WARN_ABOUT_RETURN_TYPE = YES_ERROR;
				GCC_WARN_UNDECLARED_SELECTOR = YES;
				GCC_WARN_UNINITIALIZED_AUTOS = YES_AGGRESSIVE;
				GCC_WARN_UNUSED_FUNCTION = YES;
				GCC_WARN_UNUSED_VARIABLE = YES;
				MACOSX_DEPLOYMENT_TARGET = 10.11;
				MTL_ENABLE_DEBUG_INFO = NO;
				SDKROOT = macosx;
			};
			name = Release;
		};
		AA2D783B1D1EBCAD001B58EE /* Debug */ = {
			isa = XCBuildConfiguration;
			buildSettings = {
				ASSETCATALOG_COMPILER_APPICON_NAME = AppIcon;
				COMBINE_HIDPI_IMAGES = YES;
				INFOPLIST_FILE = OSX1/Info.plist;
				LD_RUNPATH_SEARCH_PATHS = "$(inherited) @executable_path/../Frameworks";
				PRODUCT_BUNDLE_IDENTIFIER = com.santupavi.OSX1;
				PRODUCT_NAME = "$(TARGET_NAME)";
			};
			name = Debug;
		};
		AA2D783C1D1EBCAD001B58EE /* Release */ = {
			isa = XCBuildConfiguration;
			buildSettings = {
				ASSETCATALOG_COMPILER_APPICON_NAME = AppIcon;
				COMBINE_HIDPI_IMAGES = YES;
				INFOPLIST_FILE = OSX1/Info.plist;
				LD_RUNPATH_SEARCH_PATHS = "$(inherited) @executable_path/../Frameworks";
				PRODUCT_BUNDLE_IDENTIFIER = com.santupavi.OSX1;
				PRODUCT_NAME = "$(TARGET_NAME)";
			};
			name = Release;
		};
/* End XCBuildConfiguration section */

/* Begin XCConfigurationList section */
		AA2D78231D1EBCAC001B58EE /* Build configuration list for PBXProject "OSX1" */ = {
			isa = XCConfigurationList;
			buildConfigurations = (
				AA2D78381D1EBCAD001B58EE /* Debug */,
				AA2D78391D1EBCAD001B58EE /* Release */,
			);
			defaultConfigurationIsVisible = 0;
			defaultConfigurationName = Release;
		};
		AA2D783A1D1EBCAD001B58EE /* Build configuration list for PBXNativeTarget "OSX1" */ = {
			isa = XCConfigurationList;
			buildConfigurations = (
				AA2D783B1D1EBCAD001B58EE /* Debug */,
				AA2D783C1D1EBCAD001B58EE /* Release */,
			);
			defaultConfigurationIsVisible = 0;
		};
/* End XCConfigurationList section */

/* Begin XCVersionGroup section */
		AA2D782F1D1EBCAC001B58EE /* OSX1.xcdatamodeld */ = {
			isa = XCVersionGroup;
			children = (
				AA2D78301D1EBCAC001B58EE /* OSX1.xcdatamodel */,
			);
			currentVersion = AA2D78301D1EBCAC001B58EE /* OSX1.xcdatamodel */;
			path = OSX1.xcdatamodeld;
			sourceTree = "<group>";
			versionGroupType = wrapper.xcdatamodel;
		};
/* End XCVersionGroup section */
	};
	rootObject = AA2D78201D1EBCAC001B58EE /* Project object */;
}
