// !$*UTF8*$!
{
	archiveVersion = 1;
	classes = {
	};
	objectVersion = 46;
	objects = {

/* Begin PBXBuildFile section */
		AADD2E1F1D10ED4C005E0849 /* AppDelegate.swift in Sources */ = {isa = PBXBuildFile; fileRef = AADD2E1E1D10ED4C005E0849 /* AppDelegate.swift */; };
		AADD2E211D10ED4C005E0849 /* ViewController.swift in Sources */ = {isa = PBXBuildFile; fileRef = AADD2E201D10ED4C005E0849 /* ViewController.swift */; };
		AADD2E241D10ED4C005E0849 /* TestXML.xcdatamodeld in Sources */ = {isa = PBXBuildFile; fileRef = AADD2E221D10ED4C005E0849 /* TestXML.xcdatamodeld */; };
		AADD2E261D10ED4C005E0849 /* Assets.xcassets in Resources */ = {isa = PBXBuildFile; fileRef = AADD2E251D10ED4C005E0849 /* Assets.xcassets */; };
		AADD2E291D10ED4C005E0849 /* Main.storyboard in Resources */ = {isa = PBXBuildFile; fileRef = AADD2E271D10ED4C005E0849 /* Main.storyboard */; };
/* End PBXBuildFile section */

/* Begin PBXFileReference section */
		AADD2E1B1D10ED4C005E0849 /* TestXML.app */ = {isa = PBXFileReference; explicitFileType = wrapper.application; includeInIndex = 0; path = TestXML.app; sourceTree = BUILT_PRODUCTS_DIR; };
		AADD2E1E1D10ED4C005E0849 /* AppDelegate.swift */ = {isa = PBXFileReference; lastKnownFileType = sourcecode.swift; path = AppDelegate.swift; sourceTree = "<group>"; };
		AADD2E201D10ED4C005E0849 /* ViewController.swift */ = {isa = PBXFileReference; lastKnownFileType = sourcecode.swift; path = ViewController.swift; sourceTree = "<group>"; };
		AADD2E231D10ED4C005E0849 /* TestXML.xcdatamodel */ = {isa = PBXFileReference; lastKnownFileType = wrapper.xcdatamodel; path = TestXML.xcdatamodel; sourceTree = "<group>"; };
		AADD2E251D10ED4C005E0849 /* Assets.xcassets */ = {isa = PBXFileReference; lastKnownFileType = folder.assetcatalog; path = Assets.xcassets; sourceTree = "<group>"; };
		AADD2E281D10ED4C005E0849 /* Base */ = {isa = PBXFileReference; lastKnownFileType = file.storyboard; name = Base; path = Base.lproj/Main.storyboard; sourceTree = "<group>"; };
		AADD2E2A1D10ED4C005E0849 /* Info.plist */ = {isa = PBXFileReference; lastKnownFileType = text.plist.xml; path = Info.plist; sourceTree = "<group>"; };
		AADD2E301D10ED6A005E0849 /* Test.txt */ = {isa = PBXFileReference; fileEncoding = 4; lastKnownFileType = text; path = Test.txt; sourceTree = "<group>"; };
/* End PBXFileReference section */

/* Begin PBXFrameworksBuildPhase section */
		AADD2E181D10ED4C005E0849 /* Frameworks */ = {
			isa = PBXFrameworksBuildPhase;
			buildActionMask = 2147483647;
			files = (
			);
			runOnlyForDeploymentPostprocessing = 0;
		};
/* End PBXFrameworksBuildPhase section */

/* Begin PBXGroup section */
		AADD2E121D10ED4C005E0849 = {
			isa = PBXGroup;
			children = (
				AADD2E1D1D10ED4C005E0849 /* TestXML */,
				AADD2E1C1D10ED4C005E0849 /* Products */,
			);
			sourceTree = "<group>";
		};
		AADD2E1C1D10ED4C005E0849 /* Products */ = {
			isa = PBXGroup;
			children = (
				AADD2E1B1D10ED4C005E0849 /* TestXML.app */,
			);
			name = Products;
			sourceTree = "<group>";
		};
		AADD2E1D1D10ED4C005E0849 /* TestXML */ = {
			isa = PBXGroup;
			children = (
				AADD2E301D10ED6A005E0849 /* Test.txt */,
				AADD2E1E1D10ED4C005E0849 /* AppDelegate.swift */,
				AADD2E201D10ED4C005E0849 /* ViewController.swift */,
				AADD2E251D10ED4C005E0849 /* Assets.xcassets */,
				AADD2E271D10ED4C005E0849 /* Main.storyboard */,
				AADD2E2A1D10ED4C005E0849 /* Info.plist */,
				AADD2E221D10ED4C005E0849 /* TestXML.xcdatamodeld */,
			);
			path = TestXML;
			sourceTree = "<group>";
		};
/* End PBXGroup section */

/* Begin PBXNativeTarget section */
		AADD2E1A1D10ED4C005E0849 /* TestXML */ = {
			isa = PBXNativeTarget;
			buildConfigurationList = AADD2E2D1D10ED4C005E0849 /* Build configuration list for PBXNativeTarget "TestXML" */;
			buildPhases = (
				AADD2E171D10ED4C005E0849 /* Sources */,
				AADD2E181D10ED4C005E0849 /* Frameworks */,
				AADD2E191D10ED4C005E0849 /* Resources */,
			);
			buildRules = (
			);
			dependencies = (
			);
			name = TestXML;
			productName = TestXML;
			productReference = AADD2E1B1D10ED4C005E0849 /* TestXML.app */;
			productType = "com.apple.product-type.application";
		};
/* End PBXNativeTarget section */

/* Begin PBXProject section */
		AADD2E131D10ED4C005E0849 /* Project object */ = {
			isa = PBXProject;
			attributes = {
				LastSwiftUpdateCheck = 0730;
				LastUpgradeCheck = 0730;
				ORGANIZATIONNAME = santupavi;
				TargetAttributes = {
					AADD2E1A1D10ED4C005E0849 = {
						CreatedOnToolsVersion = 7.3.1;
					};
				};
			};
			buildConfigurationList = AADD2E161D10ED4C005E0849 /* Build configuration list for PBXProject "TestXML" */;
			compatibilityVersion = "Xcode 3.2";
			developmentRegion = English;
			hasScannedForEncodings = 0;
			knownRegions = (
				en,
				Base,
			);
			mainGroup = AADD2E121D10ED4C005E0849;
			productRefGroup = AADD2E1C1D10ED4C005E0849 /* Products */;
			projectDirPath = "";
			projectRoot = "";
			targets = (
				AADD2E1A1D10ED4C005E0849 /* TestXML */,
			);
		};
/* End PBXProject section */

/* Begin PBXResourcesBuildPhase section */
		AADD2E191D10ED4C005E0849 /* Resources */ = {
			isa = PBXResourcesBuildPhase;
			buildActionMask = 2147483647;
			files = (
				AADD2E261D10ED4C005E0849 /* Assets.xcassets in Resources */,
				AADD2E291D10ED4C005E0849 /* Main.storyboard in Resources */,
			);
			runOnlyForDeploymentPostprocessing = 0;
		};
/* End PBXResourcesBuildPhase section */

/* Begin PBXSourcesBuildPhase section */
		AADD2E171D10ED4C005E0849 /* Sources */ = {
			isa = PBXSourcesBuildPhase;
			buildActionMask = 2147483647;
			files = (
				AADD2E211D10ED4C005E0849 /* ViewController.swift in Sources */,
				AADD2E1F1D10ED4C005E0849 /* AppDelegate.swift in Sources */,
				AADD2E241D10ED4C005E0849 /* TestXML.xcdatamodeld in Sources */,
			);
			runOnlyForDeploymentPostprocessing = 0;
		};
/* End PBXSourcesBuildPhase section */

/* Begin PBXVariantGroup section */
		AADD2E271D10ED4C005E0849 /* Main.storyboard */ = {
			isa = PBXVariantGroup;
			children = (
				AADD2E281D10ED4C005E0849 /* Base */,
			);
			name = Main.storyboard;
			sourceTree = "<group>";
		};
/* End PBXVariantGroup section */

/* Begin XCBuildConfiguration section */
		AADD2E2B1D10ED4C005E0849 /* Debug */ = {
			isa = XCBuildConfiguration;
			buildSettings = {
				ALWAYS_SEARCH_USER_PATHS = NO;
				CLANG_ANALYZER_NONNULL = YES;
				CLANG_CXX_LANGUAGE_STANDARD = "gnu++0x";
				CLANG_CXX_LIBRARY = "libc++";
				CLANG_ENABLE_MODULES = YES;
				CLANG_ENABLE_OBJC_ARC = YES;
				CLANG_WARN_BOOL_CONVERSION = YES;
				CLANG_WARN_CONSTANT_CONVERSION = YES;
				CLANG_WARN_DIRECT_OBJC_ISA_USAGE = YES_ERROR;
				CLANG_WARN_EMPTY_BODY = YES;
				CLANG_WARN_ENUM_CONVERSION = YES;
				CLANG_WARN_INT_CONVERSION = YES;
				CLANG_WARN_OBJC_ROOT_CLASS = YES_ERROR;
				CLANG_WARN_UNREACHABLE_CODE = YES;
				CLANG_WARN__DUPLICATE_METHOD_MATCH = YES;
				CODE_SIGN_IDENTITY = "-";
				COPY_PHASE_STRIP = NO;
				DEBUG_INFORMATION_FORMAT = dwarf;
				ENABLE_STRICT_OBJC_MSGSEND = YES;
				ENABLE_TESTABILITY = YES;
				GCC_C_LANGUAGE_STANDARD = gnu99;
				GCC_DYNAMIC_NO_PIC = NO;
				GCC_NO_COMMON_BLOCKS = YES;
				GCC_OPTIMIZATION_LEVEL = 0;
				GCC_PREPROCESSOR_DEFINITIONS = (
					"DEBUG=1",
					"$(inherited)",
				);
				GCC_WARN_64_TO_32_BIT_CONVERSION = YES;
				GCC_WARN_ABOUT_RETURN_TYPE = YES_ERROR;
				GCC_WARN_UNDECLARED_SELECTOR = YES;
				GCC_WARN_UNINITIALIZED_AUTOS = YES_AGGRESSIVE;
				GCC_WARN_UNUSED_FUNCTION = YES;
				GCC_WARN_UNUSED_VARIABLE = YES;
				MACOSX_DEPLOYMENT_TARGET = 10.11;
				MTL_ENABLE_DEBUG_INFO = YES;
				ONLY_ACTIVE_ARCH = YES;
				SDKROOT = macosx;
				SWIFT_OPTIMIZATION_LEVEL = "-Onone";
			};
			name = Debug;
		};
		AADD2E2C1D10ED4C005E0849 /* Release */ = {
			isa = XCBuildConfiguration;
			buildSettings = {
				ALWAYS_SEARCH_USER_PATHS = NO;
				CLANG_ANALYZER_NONNULL = YES;
				CLANG_CXX_LANGUAGE_STANDARD = "gnu++0x";
				CLANG_CXX_LIBRARY = "libc++";
				CLANG_ENABLE_MODULES = YES;
				CLANG_ENABLE_OBJC_ARC = YES;
				CLANG_WARN_BOOL_CONVERSION = YES;
				CLANG_WARN_CONSTANT_CONVERSION = YES;
				CLANG_WARN_DIRECT_OBJC_ISA_USAGE = YES_ERROR;
				CLANG_WARN_EMPTY_BODY = YES;
				CLANG_WARN_ENUM_CONVERSION = YES;
				CLANG_WARN_INT_CONVERSION = YES;
				CLANG_WARN_OBJC_ROOT_CLASS = YES_ERROR;
				CLANG_WARN_UNREACHABLE_CODE = YES;
				CLANG_WARN__DUPLICATE_METHOD_MATCH = YES;
				CODE_SIGN_IDENTITY = "-";
				COPY_PHASE_STRIP = NO;
				DEBUG_INFORMATION_FORMAT = "dwarf-with-dsym";
				ENABLE_NS_ASSERTIONS = NO;
				ENABLE_STRICT_OBJC_MSGSEND = YES;
				GCC_C_LANGUAGE_STANDARD = gnu99;
				GCC_NO_COMMON_BLOCKS = YES;
				GCC_WARN_64_TO_32_BIT_CONVERSION = YES;
				GCC_WARN_ABOUT_RETURN_TYPE = YES_ERROR;
				GCC_WARN_UNDECLARED_SELECTOR = YES;
				GCC_WARN_UNINITIALIZED_AUTOS = YES_AGGRESSIVE;
				GCC_WARN_UNUSED_FUNCTION = YES;
				GCC_WARN_UNUSED_VARIABLE = YES;
				MACOSX_DEPLOYMENT_TARGET = 10.11;
				MTL_ENABLE_DEBUG_INFO = NO;
				SDKROOT = macosx;
			};
			name = Release;
		};
		AADD2E2E1D10ED4C005E0849 /* Debug */ = {
			isa = XCBuildConfiguration;
			buildSettings = {
				ASSETCATALOG_COMPILER_APPICON_NAME = AppIcon;
				COMBINE_HIDPI_IMAGES = YES;
				INFOPLIST_FILE = TestXML/Info.plist;
				LD_RUNPATH_SEARCH_PATHS = "$(inherited) @executable_path/../Frameworks";
				PRODUCT_BUNDLE_IDENTIFIER = com.santupavi.TestXML;
				PRODUCT_NAME = "$(TARGET_NAME)";
			};
			name = Debug;
		};
		AADD2E2F1D10ED4C005E0849 /* Release */ = {
			isa = XCBuildConfiguration;
			buildSettings = {
				ASSETCATALOG_COMPILER_APPICON_NAME = AppIcon;
				COMBINE_HIDPI_IMAGES = YES;
				INFOPLIST_FILE = TestXML/Info.plist;
				LD_RUNPATH_SEARCH_PATHS = "$(inherited) @executable_path/../Frameworks";
				PRODUCT_BUNDLE_IDENTIFIER = com.santupavi.TestXML;
				PRODUCT_NAME = "$(TARGET_NAME)";
			};
			name = Release;
		};
/* End XCBuildConfiguration section */

/* Begin XCConfigurationList section */
		AADD2E161D10ED4C005E0849 /* Build configuration list for PBXProject "TestXML" */ = {
			isa = XCConfigurationList;
			buildConfigurations = (
				AADD2E2B1D10ED4C005E0849 /* Debug */,
				AADD2E2C1D10ED4C005E0849 /* Release */,
			);
			defaultConfigurationIsVisible = 0;
			defaultConfigurationName = Release;
		};
		AADD2E2D1D10ED4C005E0849 /* Build configuration list for PBXNativeTarget "TestXML" */ = {
			isa = XCConfigurationList;
			buildConfigurations = (
				AADD2E2E1D10ED4C005E0849 /* Debug */,
				AADD2E2F1D10ED4C005E0849 /* Release */,
			);
			defaultConfigurationIsVisible = 0;
		};
/* End XCConfigurationList section */

/* Begin XCVersionGroup section */
		AADD2E221D10ED4C005E0849 /* TestXML.xcdatamodeld */ = {
			isa = XCVersionGroup;
			children = (
				AADD2E231D10ED4C005E0849 /* TestXML.xcdatamodel */,
			);
			currentVersion = AADD2E231D10ED4C005E0849 /* TestXML.xcdatamodel */;
			path = TestXML.xcdatamodeld;
			sourceTree = "<group>";
			versionGroupType = wrapper.xcdatamodel;
		};
/* End XCVersionGroup section */
	};
	rootObject = AADD2E131D10ED4C005E0849 /* Project object */;
}
